// !$*UTF8*$!
{
	archiveVersion = 1;
	classes = {
	};
	objectVersion = 48;
	objects = {

/* Begin PBXBuildFile section */
		182414C21FC959A0008BD2CF /* ChooseCityTableViewController.swift in Sources */ = {isa = PBXBuildFile; fileRef = 182414C11FC959A0008BD2CF /* ChooseCityTableViewController.swift */; };
		182DA65E1FC938C8000AAB71 /* SettingTableViewController.swift in Sources */ = {isa = PBXBuildFile; fileRef = 182DA65D1FC938C8000AAB71 /* SettingTableViewController.swift */; };
		182DA6671FC9544A000AAB71 /* back.png in Resources */ = {isa = PBXBuildFile; fileRef = 182DA6631FC9540E000AAB71 /* back.png */; };
		182DA6681FC9544E000AAB71 /* next.png in Resources */ = {isa = PBXBuildFile; fileRef = 182DA6641FC9540E000AAB71 /* next.png */; };
		182DA66A1FC95567000AAB71 /* land.png in Resources */ = {isa = PBXBuildFile; fileRef = 182DA6691FC9555C000AAB71 /* land.png */; };
		182DA66C1FC955B3000AAB71 /* tomato.png in Resources */ = {isa = PBXBuildFile; fileRef = 182DA66B1FC955AE000AAB71 /* tomato.png */; };
		182DA66F1FC95745000AAB71 /* grape.png in Resources */ = {isa = PBXBuildFile; fileRef = 182DA66D1FC9573E000AAB71 /* grape.png */; };
		182DA6701FC95749000AAB71 /* watermelon.png in Resources */ = {isa = PBXBuildFile; fileRef = 182DA66E1FC9573F000AAB71 /* watermelon.png */; };
		18535E471FC58D0F00D2E762 /* AppDelegate.swift in Sources */ = {isa = PBXBuildFile; fileRef = 18535E461FC58D0F00D2E762 /* AppDelegate.swift */; };
		18535E491FC58D0F00D2E762 /* ViewController.swift in Sources */ = {isa = PBXBuildFile; fileRef = 18535E481FC58D0F00D2E762 /* ViewController.swift */; };
		18535E4C1FC58D0F00D2E762 /* Main.storyboard in Resources */ = {isa = PBXBuildFile; fileRef = 18535E4A1FC58D0F00D2E762 /* Main.storyboard */; };
		18535E4E1FC58D0F00D2E762 /* Assets.xcassets in Resources */ = {isa = PBXBuildFile; fileRef = 18535E4D1FC58D0F00D2E762 /* Assets.xcassets */; };
		18535E511FC58D0F00D2E762 /* LaunchScreen.storyboard in Resources */ = {isa = PBXBuildFile; fileRef = 18535E4F1FC58D0F00D2E762 /* LaunchScreen.storyboard */; };
		18535E5F1FC595B500D2E762 /* background.jpeg in Resources */ = {isa = PBXBuildFile; fileRef = 18535E5E1FC593F000D2E762 /* background.jpeg */; };
		18535E611FC59A0000D2E762 /* settingIcon.png in Resources */ = {isa = PBXBuildFile; fileRef = 18535E601FC599FA00D2E762 /* settingIcon.png */; };
		18535E651FC5B3F900D2E762 /* ChooseSeedViewController.swift in Sources */ = {isa = PBXBuildFile; fileRef = 18535E641FC5B3F900D2E762 /* ChooseSeedViewController.swift */; };
		18535E671FC5B45400D2E762 /* MyHistoryViewController.swift in Sources */ = {isa = PBXBuildFile; fileRef = 18535E661FC5B45400D2E762 /* MyHistoryViewController.swift */; };
		18C610921FCA834B0008C96B /* cities.plist in Resources */ = {isa = PBXBuildFile; fileRef = 182414BF1FC9594F008BD2CF /* cities.plist */; };
		18C610961FCA9D1A0008C96B /* ChooseCityTableViewCell.swift in Sources */ = {isa = PBXBuildFile; fileRef = 18C610951FCA9D1A0008C96B /* ChooseCityTableViewCell.swift */; };
/* End PBXBuildFile section */

/* Begin PBXFileReference section */
		182414BF1FC9594F008BD2CF /* cities.plist */ = {isa = PBXFileReference; lastKnownFileType = text.plist.xml; path = cities.plist; sourceTree = "<group>"; };
		182414C11FC959A0008BD2CF /* ChooseCityTableViewController.swift */ = {isa = PBXFileReference; lastKnownFileType = sourcecode.swift; path = ChooseCityTableViewController.swift; sourceTree = "<group>"; };
		182DA65D1FC938C8000AAB71 /* SettingTableViewController.swift */ = {isa = PBXFileReference; lastKnownFileType = sourcecode.swift; path = SettingTableViewController.swift; sourceTree = "<group>"; };
		182DA6631FC9540E000AAB71 /* back.png */ = {isa = PBXFileReference; lastKnownFileType = image.png; path = back.png; sourceTree = "<group>"; };
		182DA6641FC9540E000AAB71 /* next.png */ = {isa = PBXFileReference; lastKnownFileType = image.png; path = next.png; sourceTree = "<group>"; };
		182DA6691FC9555C000AAB71 /* land.png */ = {isa = PBXFileReference; lastKnownFileType = image.png; path = land.png; sourceTree = "<group>"; };
		182DA66B1FC955AE000AAB71 /* tomato.png */ = {isa = PBXFileReference; lastKnownFileType = image.png; path = tomato.png; sourceTree = "<group>"; };
		182DA66D1FC9573E000AAB71 /* grape.png */ = {isa = PBXFileReference; lastKnownFileType = image.png; path = grape.png; sourceTree = "<group>"; };
		182DA66E1FC9573F000AAB71 /* watermelon.png */ = {isa = PBXFileReference; lastKnownFileType = image.png; path = watermelon.png; sourceTree = "<group>"; };
		18535E431FC58D0F00D2E762 /* TimeFarm.app */ = {isa = PBXFileReference; explicitFileType = wrapper.application; includeInIndex = 0; path = TimeFarm.app; sourceTree = BUILT_PRODUCTS_DIR; };
		18535E461FC58D0F00D2E762 /* AppDelegate.swift */ = {isa = PBXFileReference; lastKnownFileType = sourcecode.swift; path = AppDelegate.swift; sourceTree = "<group>"; };
		18535E481FC58D0F00D2E762 /* ViewController.swift */ = {isa = PBXFileReference; lastKnownFileType = sourcecode.swift; path = ViewController.swift; sourceTree = "<group>"; };
		18535E4B1FC58D0F00D2E762 /* Base */ = {isa = PBXFileReference; lastKnownFileType = file.storyboard; name = Base; path = Base.lproj/Main.storyboard; sourceTree = "<group>"; };
		18535E4D1FC58D0F00D2E762 /* Assets.xcassets */ = {isa = PBXFileReference; lastKnownFileType = folder.assetcatalog; path = Assets.xcassets; sourceTree = "<group>"; };
		18535E501FC58D0F00D2E762 /* Base */ = {isa = PBXFileReference; lastKnownFileType = file.storyboard; name = Base; path = Base.lproj/LaunchScreen.storyboard; sourceTree = "<group>"; };
		18535E521FC58D0F00D2E762 /* Info.plist */ = {isa = PBXFileReference; lastKnownFileType = text.plist.xml; path = Info.plist; sourceTree = "<group>"; };
		18535E5E1FC593F000D2E762 /* background.jpeg */ = {isa = PBXFileReference; lastKnownFileType = image.jpeg; path = background.jpeg; sourceTree = "<group>"; };
		18535E601FC599FA00D2E762 /* settingIcon.png */ = {isa = PBXFileReference; lastKnownFileType = image.png; path = settingIcon.png; sourceTree = "<group>"; };
		18535E641FC5B3F900D2E762 /* ChooseSeedViewController.swift */ = {isa = PBXFileReference; lastKnownFileType = sourcecode.swift; path = ChooseSeedViewController.swift; sourceTree = "<group>"; };
		18535E661FC5B45400D2E762 /* MyHistoryViewController.swift */ = {isa = PBXFileReference; lastKnownFileType = sourcecode.swift; path = MyHistoryViewController.swift; sourceTree = "<group>"; };
		18C610951FCA9D1A0008C96B /* ChooseCityTableViewCell.swift */ = {isa = PBXFileReference; lastKnownFileType = sourcecode.swift; path = ChooseCityTableViewCell.swift; sourceTree = "<group>"; };
/* End PBXFileReference section */

/* Begin PBXFrameworksBuildPhase section */
		18535E401FC58D0F00D2E762 /* Frameworks */ = {
			isa = PBXFrameworksBuildPhase;
			buildActionMask = 2147483647;
			files = (
			);
			runOnlyForDeploymentPostprocessing = 0;
		};
/* End PBXFrameworksBuildPhase section */

/* Begin PBXGroup section */
		18535E3A1FC58D0F00D2E762 = {
			isa = PBXGroup;
			children = (
				18535E451FC58D0F00D2E762 /* TimeFarm */,
				18535E441FC58D0F00D2E762 /* Products */,
			);
			sourceTree = "<group>";
		};
		18535E441FC58D0F00D2E762 /* Products */ = {
			isa = PBXGroup;
			children = (
				18535E431FC58D0F00D2E762 /* TimeFarm.app */,
			);
			name = Products;
			sourceTree = "<group>";
		};
		18535E451FC58D0F00D2E762 /* TimeFarm */ = {
			isa = PBXGroup;
			children = (
				18535E461FC58D0F00D2E762 /* AppDelegate.swift */,
				18535E481FC58D0F00D2E762 /* ViewController.swift */,
				18C610951FCA9D1A0008C96B /* ChooseCityTableViewCell.swift */,
				182414C11FC959A0008BD2CF /* ChooseCityTableViewController.swift */,
				18535E641FC5B3F900D2E762 /* ChooseSeedViewController.swift */,
				18535E661FC5B45400D2E762 /* MyHistoryViewController.swift */,
				182DA65D1FC938C8000AAB71 /* SettingTableViewController.swift */,
				18535E4A1FC58D0F00D2E762 /* Main.storyboard */,
				18535E5C1FC5938E00D2E762 /* src */,
				18535E4D1FC58D0F00D2E762 /* Assets.xcassets */,
				18535E4F1FC58D0F00D2E762 /* LaunchScreen.storyboard */,
				18535E521FC58D0F00D2E762 /* Info.plist */,
			);
			path = TimeFarm;
			sourceTree = "<group>";
		};
		18535E5C1FC5938E00D2E762 /* src */ = {
			isa = PBXGroup;
			children = (
				182414BF1FC9594F008BD2CF /* cities.plist */,
				182DA6631FC9540E000AAB71 /* back.png */,
				182DA6641FC9540E000AAB71 /* next.png */,
				182DA66B1FC955AE000AAB71 /* tomato.png */,
				182DA66D1FC9573E000AAB71 /* grape.png */,
				182DA66E1FC9573F000AAB71 /* watermelon.png */,
				182DA6691FC9555C000AAB71 /* land.png */,
				18535E601FC599FA00D2E762 /* settingIcon.png */,
				18535E5E1FC593F000D2E762 /* background.jpeg */,
			);
			path = src;
			sourceTree = "<group>";
		};
/* End PBXGroup section */

/* Begin PBXNativeTarget section */
		18535E421FC58D0F00D2E762 /* TimeFarm */ = {
			isa = PBXNativeTarget;
			buildConfigurationList = 18535E551FC58D0F00D2E762 /* Build configuration list for PBXNativeTarget "TimeFarm" */;
			buildPhases = (
				18535E3F1FC58D0F00D2E762 /* Sources */,
				18535E401FC58D0F00D2E762 /* Frameworks */,
				18535E411FC58D0F00D2E762 /* Resources */,
			);
			buildRules = (
			);
			dependencies = (
			);
			name = TimeFarm;
			productName = TimeFarm;
			productReference = 18535E431FC58D0F00D2E762 /* TimeFarm.app */;
			productType = "com.apple.product-type.application";
		};
/* End PBXNativeTarget section */

/* Begin PBXProject section */
		18535E3B1FC58D0F00D2E762 /* Project object */ = {
			isa = PBXProject;
			attributes = {
				LastSwiftUpdateCheck = 0900;
				LastUpgradeCheck = 0900;
				ORGANIZATIONNAME = liu;
				TargetAttributes = {
					18535E421FC58D0F00D2E762 = {
						CreatedOnToolsVersion = 9.0;
						ProvisioningStyle = Automatic;
					};
				};
			};
			buildConfigurationList = 18535E3E1FC58D0F00D2E762 /* Build configuration list for PBXProject "TimeFarm" */;
			compatibilityVersion = "Xcode 8.0";
			developmentRegion = en;
			hasScannedForEncodings = 0;
			knownRegions = (
				en,
				Base,
			);
			mainGroup = 18535E3A1FC58D0F00D2E762;
			productRefGroup = 18535E441FC58D0F00D2E762 /* Products */;
			projectDirPath = "";
			projectRoot = "";
			targets = (
				18535E421FC58D0F00D2E762 /* TimeFarm */,
			);
		};
/* End PBXProject section */

/* Begin PBXResourcesBuildPhase section */
		18535E411FC58D0F00D2E762 /* Resources */ = {
			isa = PBXResourcesBuildPhase;
			buildActionMask = 2147483647;
			files = (
				18C610921FCA834B0008C96B /* cities.plist in Resources */,
				182DA6701FC95749000AAB71 /* watermelon.png in Resources */,
				182DA66F1FC95745000AAB71 /* grape.png in Resources */,
				182DA66C1FC955B3000AAB71 /* tomato.png in Resources */,
				182DA66A1FC95567000AAB71 /* land.png in Resources */,
				182DA6681FC9544E000AAB71 /* next.png in Resources */,
				182DA6671FC9544A000AAB71 /* back.png in Resources */,
				18535E611FC59A0000D2E762 /* settingIcon.png in Resources */,
				18535E5F1FC595B500D2E762 /* background.jpeg in Resources */,
				18535E511FC58D0F00D2E762 /* LaunchScreen.storyboard in Resources */,
				18535E4E1FC58D0F00D2E762 /* Assets.xcassets in Resources */,
				18535E4C1FC58D0F00D2E762 /* Main.storyboard in Resources */,
			);
			runOnlyForDeploymentPostprocessing = 0;
		};
/* End PBXResourcesBuildPhase section */

/* Begin PBXSourcesBuildPhase section */
		18535E3F1FC58D0F00D2E762 /* Sources */ = {
			isa = PBXSourcesBuildPhase;
			buildActionMask = 2147483647;
			files = (
				182DA65E1FC938C8000AAB71 /* SettingTableViewController.swift in Sources */,
				182414C21FC959A0008BD2CF /* ChooseCityTableViewController.swift in Sources */,
				18535E491FC58D0F00D2E762 /* ViewController.swift in Sources */,
				18535E651FC5B3F900D2E762 /* ChooseSeedViewController.swift in Sources */,
				18C610961FCA9D1A0008C96B /* ChooseCityTableViewCell.swift in Sources */,
				18535E471FC58D0F00D2E762 /* AppDelegate.swift in Sources */,
				18535E671FC5B45400D2E762 /* MyHistoryViewController.swift in Sources */,
			);
			runOnlyForDeploymentPostprocessing = 0;
		};
/* End PBXSourcesBuildPhase section */

/* Begin PBXVariantGroup section */
		18535E4A1FC58D0F00D2E762 /* Main.storyboard */ = {
			isa = PBXVariantGroup;
			children = (
				18535E4B1FC58D0F00D2E762 /* Base */,
			);
			name = Main.storyboard;
			sourceTree = "<group>";
		};
		18535E4F1FC58D0F00D2E762 /* LaunchScreen.storyboard */ = {
			isa = PBXVariantGroup;
			children = (
				18535E501FC58D0F00D2E762 /* Base */,
			);
			name = LaunchScreen.storyboard;
			sourceTree = "<group>";
		};
/* End PBXVariantGroup section */

/* Begin XCBuildConfiguration section */
		18535E531FC58D0F00D2E762 /* Debug */ = {
			isa = XCBuildConfiguration;
			buildSettings = {
				ALWAYS_SEARCH_USER_PATHS = NO;
				CLANG_ANALYZER_NONNULL = YES;
				CLANG_ANALYZER_NUMBER_OBJECT_CONVERSION = YES_AGGRESSIVE;
				CLANG_CXX_LANGUAGE_STANDARD = "gnu++14";
				CLANG_CXX_LIBRARY = "libc++";
				CLANG_ENABLE_MODULES = YES;
				CLANG_ENABLE_OBJC_ARC = YES;
				CLANG_WARN_BLOCK_CAPTURE_AUTORELEASING = YES;
				CLANG_WARN_BOOL_CONVERSION = YES;
				CLANG_WARN_COMMA = YES;
				CLANG_WARN_CONSTANT_CONVERSION = YES;
				CLANG_WARN_DIRECT_OBJC_ISA_USAGE = YES_ERROR;
				CLANG_WARN_DOCUMENTATION_COMMENTS = YES;
				CLANG_WARN_EMPTY_BODY = YES;
				CLANG_WARN_ENUM_CONVERSION = YES;
				CLANG_WARN_INFINITE_RECURSION = YES;
				CLANG_WARN_INT_CONVERSION = YES;
				CLANG_WARN_NON_LITERAL_NULL_CONVERSION = YES;
				CLANG_WARN_OBJC_LITERAL_CONVERSION = YES;
				CLANG_WARN_OBJC_ROOT_CLASS = YES_ERROR;
				CLANG_WARN_RANGE_LOOP_ANALYSIS = YES;
				CLANG_WARN_STRICT_PROTOTYPES = YES;
				CLANG_WARN_SUSPICIOUS_MOVE = YES;
				CLANG_WARN_UNGUARDED_AVAILABILITY = YES_AGGRESSIVE;
				CLANG_WARN_UNREACHABLE_CODE = YES;
				CLANG_WARN__DUPLICATE_METHOD_MATCH = YES;
				CODE_SIGN_IDENTITY = "iPhone Developer";
				COPY_PHASE_STRIP = NO;
				DEBUG_INFORMATION_FORMAT = dwarf;
				ENABLE_STRICT_OBJC_MSGSEND = YES;
				ENABLE_TESTABILITY = YES;
				GCC_C_LANGUAGE_STANDARD = gnu11;
				GCC_DYNAMIC_NO_PIC = NO;
				GCC_NO_COMMON_BLOCKS = YES;
				GCC_OPTIMIZATION_LEVEL = 0;
				GCC_PREPROCESSOR_DEFINITIONS = (
					"DEBUG=1",
					"$(inherited)",
				);
				GCC_WARN_64_TO_32_BIT_CONVERSION = YES;
				GCC_WARN_ABOUT_RETURN_TYPE = YES_ERROR;
				GCC_WARN_UNDECLARED_SELECTOR = YES;
				GCC_WARN_UNINITIALIZED_AUTOS = YES_AGGRESSIVE;
				GCC_WARN_UNUSED_FUNCTION = YES;
				GCC_WARN_UNUSED_VARIABLE = YES;
				IPHONEOS_DEPLOYMENT_TARGET = 11.0;
				MTL_ENABLE_DEBUG_INFO = YES;
				ONLY_ACTIVE_ARCH = YES;
				SDKROOT = iphoneos;
				SWIFT_ACTIVE_COMPILATION_CONDITIONS = DEBUG;
				SWIFT_OPTIMIZATION_LEVEL = "-Onone";
			};
			name = Debug;
		};
		18535E541FC58D0F00D2E762 /* Release */ = {
			isa = XCBuildConfiguration;
			buildSettings = {
				ALWAYS_SEARCH_USER_PATHS = NO;
				CLANG_ANALYZER_NONNULL = YES;
				CLANG_ANALYZER_NUMBER_OBJECT_CONVERSION = YES_AGGRESSIVE;
				CLANG_CXX_LANGUAGE_STANDARD = "gnu++14";
				CLANG_CXX_LIBRARY = "libc++";
				CLANG_ENABLE_MODULES = YES;
				CLANG_ENABLE_OBJC_ARC = YES;
				CLANG_WARN_BLOCK_CAPTURE_AUTORELEASING = YES;
				CLANG_WARN_BOOL_CONVERSION = YES;
				CLANG_WARN_COMMA = YES;
				CLANG_WARN_CONSTANT_CONVERSION = YES;
				CLANG_WARN_DIRECT_OBJC_ISA_USAGE = YES_ERROR;
				CLANG_WARN_DOCUMENTATION_COMMENTS = YES;
				CLANG_WARN_EMPTY_BODY = YES;
				CLANG_WARN_ENUM_CONVERSION = YES;
				CLANG_WARN_INFINITE_RECURSION = YES;
				CLANG_WARN_INT_CONVERSION = YES;
				CLANG_WARN_NON_LITERAL_NULL_CONVERSION = YES;
				CLANG_WARN_OBJC_LITERAL_CONVERSION = YES;
				CLANG_WARN_OBJC_ROOT_CLASS = YES_ERROR;
				CLANG_WARN_RANGE_LOOP_ANALYSIS = YES;
				CLANG_WARN_STRICT_PROTOTYPES = YES;
				CLANG_WARN_SUSPICIOUS_MOVE = YES;
				CLANG_WARN_UNGUARDED_AVAILABILITY = YES_AGGRESSIVE;
				CLANG_WARN_UNREACHABLE_CODE = YES;
				CLANG_WARN__DUPLICATE_METHOD_MATCH = YES;
				CODE_SIGN_IDENTITY = "iPhone Developer";
				COPY_PHASE_STRIP = NO;
				DEBUG_INFORMATION_FORMAT = "dwarf-with-dsym";
				ENABLE_NS_ASSERTIONS = NO;
				ENABLE_STRICT_OBJC_MSGSEND = YES;
				GCC_C_LANGUAGE_STANDARD = gnu11;
				GCC_NO_COMMON_BLOCKS = YES;
				GCC_WARN_64_TO_32_BIT_CONVERSION = YES;
				GCC_WARN_ABOUT_RETURN_TYPE = YES_ERROR;
				GCC_WARN_UNDECLARED_SELECTOR = YES;
				GCC_WARN_UNINITIALIZED_AUTOS = YES_AGGRESSIVE;
				GCC_WARN_UNUSED_FUNCTION = YES;
				GCC_WARN_UNUSED_VARIABLE = YES;
				IPHONEOS_DEPLOYMENT_TARGET = 11.0;
				MTL_ENABLE_DEBUG_INFO = NO;
				SDKROOT = iphoneos;
				SWIFT_OPTIMIZATION_LEVEL = "-Owholemodule";
				VALIDATE_PRODUCT = YES;
			};
			name = Release;
		};
		18535E561FC58D0F00D2E762 /* Debug */ = {
			isa = XCBuildConfiguration;
			buildSettings = {
				ASSETCATALOG_COMPILER_APPICON_NAME = AppIcon;
				CODE_SIGN_STYLE = Automatic;
				INFOPLIST_FILE = TimeFarm/Info.plist;
				LD_RUNPATH_SEARCH_PATHS = "$(inherited) @executable_path/Frameworks";
				PRODUCT_BUNDLE_IDENTIFIER = cn.triumphal.TimeFarm;
				PRODUCT_NAME = "$(TARGET_NAME)";
				SWIFT_VERSION = 4.0;
				TARGETED_DEVICE_FAMILY = "1,2";
			};
			name = Debug;
		};
		18535E571FC58D0F00D2E762 /* Release */ = {
			isa = XCBuildConfiguration;
			buildSettings = {
				ASSETCATALOG_COMPILER_APPICON_NAME = AppIcon;
				CODE_SIGN_STYLE = Automatic;
				INFOPLIST_FILE = TimeFarm/Info.plist;
				LD_RUNPATH_SEARCH_PATHS = "$(inherited) @executable_path/Frameworks";
				PRODUCT_BUNDLE_IDENTIFIER = cn.triumphal.TimeFarm;
				PRODUCT_NAME = "$(TARGET_NAME)";
				SWIFT_VERSION = 4.0;
				TARGETED_DEVICE_FAMILY = "1,2";
			};
			name = Release;
		};
/* End XCBuildConfiguration section */

/* Begin XCConfigurationList section */
		18535E3E1FC58D0F00D2E762 /* Build configuration list for PBXProject "TimeFarm" */ = {
			isa = XCConfigurationList;
			buildConfigurations = (
				18535E531FC58D0F00D2E762 /* Debug */,
				18535E541FC58D0F00D2E762 /* Release */,
			);
			defaultConfigurationIsVisible = 0;
			defaultConfigurationName = Release;
		};
		18535E551FC58D0F00D2E762 /* Build configuration list for PBXNativeTarget "TimeFarm" */ = {
			isa = XCConfigurationList;
			buildConfigurations = (
				18535E561FC58D0F00D2E762 /* Debug */,
				18535E571FC58D0F00D2E762 /* Release */,
			);
			defaultConfigurationIsVisible = 0;
			defaultConfigurationName = Release;
		};
/* End XCConfigurationList section */
	};
	rootObject = 18535E3B1FC58D0F00D2E762 /* Project object */;
}
